
Microsoft Visual Studio Solution File, Format Version 12.00
# Visual Studio Version 17
VisualStudioVersion = 17.13.35825.156
MinimumVisualStudioVersion = 10.0.40219.1
Project("{FAE04EC0-301F-11D3-BF4B-00C04F79EFBC}") = "Tickets data aggregator", "ConsoleApp1\Tickets data aggregator.csproj", "{14032292-771F-4395-AC35-8099915E21F9}"
EndProject
Global
	GlobalSection(SolutionConfigurationPlatforms) = preSolution
		Debug|Any CPU = Debug|Any CPU
		Release|Any CPU = Release|Any CPU
	EndGlobalSection
	GlobalSection(ProjectConfigurationPlatforms) = postSolution
		{14032292-771F-4395-AC35-8099915E21F9}.Debug|Any CPU.ActiveCfg = Debug|Any CPU
		{14032292-771F-4395-AC35-8099915E21F9}.Debug|Any CPU.Build.0 = Debug|Any CPU
		{14032292-771F-4395-AC35-8099915E21F9}.Release|Any CPU.ActiveCfg = Release|Any CPU
		{14032292-771F-4395-AC35-8099915E21F9}.Release|Any CPU.Build.0 = Release|Any CPU
	EndGlobalSection
	GlobalSection(SolutionProperties) = preSolution
		HideSolutionNode = FALSE
	EndGlobalSection
	GlobalSection(ExtensibilityGlobals) = postSolution
		SolutionGuid = {BF302875-C1EA-4C83-9C98-1C49BCBCAC76}
	EndGlobalSection
EndGlobal
